
Microsoft Visual Studio Solution File, Format Version 12.00
# Visual Studio Version 16
VisualStudioVersion = 16.0.29123.88
MinimumVisualStudioVersion = 10.0.40219.1
Project("{FAE04EC0-301F-11D3-BF4B-00C04F79EFBC}") = "多重頁面", "多重頁面\多重頁面.csproj", "{AB1AACFA-8386-4464-92CC-764D860F36B8}"
EndProject
Global
	GlobalSection(SolutionConfigurationPlatforms) = preSolution
		Debug|Any CPU = Debug|Any CPU
		Release|Any CPU = Release|Any CPU
	EndGlobalSection
	GlobalSection(ProjectConfigurationPlatforms) = postSolution
		{AB1AACFA-8386-4464-92CC-764D860F36B8}.Debug|Any CPU.ActiveCfg = Debug|Any CPU
		{AB1AACFA-8386-4464-92CC-764D860F36B8}.Debug|Any CPU.Build.0 = Debug|Any CPU
		{AB1AACFA-8386-4464-92CC-764D860F36B8}.Release|Any CPU.ActiveCfg = Release|Any CPU
		{AB1AACFA-8386-4464-92CC-764D860F36B8}.Release|Any CPU.Build.0 = Release|Any CPU
	EndGlobalSection
	GlobalSection(SolutionProperties) = preSolution
		HideSolutionNode = FALSE
	EndGlobalSection
	GlobalSection(ExtensibilityGlobals) = postSolution
		SolutionGuid = {F51F8C74-BBDE-4E5D-95C8-58A76CFD92E0}
	EndGlobalSection
EndGlobal
